
Microsoft Visual Studio Solution File, Format Version 12.00
# Visual Studio 15
VisualStudioVersion = 15.0.28307.168
MinimumVisualStudioVersion = 10.0.40219.1
Project("{FAE04EC0-301F-11D3-BF4B-00C04F79EFBC}") = "HerancaVsInterface", "HerancaVsInterface\HerancaVsInterface.csproj", "{767BB92A-D780-4313-B9A2-8519166AC393}"
EndProject
Global
	GlobalSection(SolutionConfigurationPlatforms) = preSolution
		Debug|Any CPU = Debug|Any CPU
		Release|Any CPU = Release|Any CPU
	EndGlobalSection
	GlobalSection(ProjectConfigurationPlatforms) = postSolution
		{767BB92A-D780-4313-B9A2-8519166AC393}.Debug|Any CPU.ActiveCfg = Debug|Any CPU
		{767BB92A-D780-4313-B9A2-8519166AC393}.Debug|Any CPU.Build.0 = Debug|Any CPU
		{767BB92A-D780-4313-B9A2-8519166AC393}.Release|Any CPU.ActiveCfg = Release|Any CPU
		{767BB92A-D780-4313-B9A2-8519166AC393}.Release|Any CPU.Build.0 = Release|Any CPU
	EndGlobalSection
	GlobalSection(SolutionProperties) = preSolution
		HideSolutionNode = FALSE
	EndGlobalSection
	GlobalSection(ExtensibilityGlobals) = postSolution
		SolutionGuid = {E18130FB-2BB3-4E7B-B385-97E144F40092}
	EndGlobalSection
EndGlobal
